
Microsoft Visual Studio Solution File, Format Version 12.00
# Visual Studio Version 17
VisualStudioVersion = 17.11.35303.130
MinimumVisualStudioVersion = 10.0.40219.1
Project("{FAE04EC0-301F-11D3-BF4B-00C04F79EFBC}") = "Week5LogicalOperators", "Week5LogicalOperators\Week5LogicalOperators.csproj", "{37D4457E-150B-4448-B3DE-5977A76AA817}"
EndProject
Project("{FAE04EC0-301F-11D3-BF4B-00C04F79EFBC}") = "ANDOperator", "ANDOperator\ANDOperator.csproj", "{B2ED6FAF-4D3A-4133-9F08-07403CB8C7DD}"
EndProject
Project("{FAE04EC0-301F-11D3-BF4B-00C04F79EFBC}") = "OROperator", "OROperator\OROperator.csproj", "{44931667-CA50-4073-9104-F769259AD366}"
EndProject
Project("{FAE04EC0-301F-11D3-BF4B-00C04F79EFBC}") = "ANDRanges", "ANDRanges\ANDRanges.csproj", "{C5C24F68-F9CD-4C26-A66F-9C72C8C2FC6F}"
EndProject
Global
	GlobalSection(SolutionConfigurationPlatforms) = preSolution
		Debug|Any CPU = Debug|Any CPU
		Release|Any CPU = Release|Any CPU
	EndGlobalSection
	GlobalSection(ProjectConfigurationPlatforms) = postSolution
		{37D4457E-150B-4448-B3DE-5977A76AA817}.Debug|Any CPU.ActiveCfg = Debug|Any CPU
		{37D4457E-150B-4448-B3DE-5977A76AA817}.Debug|Any CPU.Build.0 = Debug|Any CPU
		{37D4457E-150B-4448-B3DE-5977A76AA817}.Release|Any CPU.ActiveCfg = Release|Any CPU
		{37D4457E-150B-4448-B3DE-5977A76AA817}.Release|Any CPU.Build.0 = Release|Any CPU
		{B2ED6FAF-4D3A-4133-9F08-07403CB8C7DD}.Debug|Any CPU.ActiveCfg = Debug|Any CPU
		{B2ED6FAF-4D3A-4133-9F08-07403CB8C7DD}.Debug|Any CPU.Build.0 = Debug|Any CPU
		{B2ED6FAF-4D3A-4133-9F08-07403CB8C7DD}.Release|Any CPU.ActiveCfg = Release|Any CPU
		{B2ED6FAF-4D3A-4133-9F08-07403CB8C7DD}.Release|Any CPU.Build.0 = Release|Any CPU
		{44931667-CA50-4073-9104-F769259AD366}.Debug|Any CPU.ActiveCfg = Debug|Any CPU
		{44931667-CA50-4073-9104-F769259AD366}.Debug|Any CPU.Build.0 = Debug|Any CPU
		{44931667-CA50-4073-9104-F769259AD366}.Release|Any CPU.ActiveCfg = Release|Any CPU
		{44931667-CA50-4073-9104-F769259AD366}.Release|Any CPU.Build.0 = Release|Any CPU
		{C5C24F68-F9CD-4C26-A66F-9C72C8C2FC6F}.Debug|Any CPU.ActiveCfg = Debug|Any CPU
		{C5C24F68-F9CD-4C26-A66F-9C72C8C2FC6F}.Debug|Any CPU.Build.0 = Debug|Any CPU
		{C5C24F68-F9CD-4C26-A66F-9C72C8C2FC6F}.Release|Any CPU.ActiveCfg = Release|Any CPU
		{C5C24F68-F9CD-4C26-A66F-9C72C8C2FC6F}.Release|Any CPU.Build.0 = Release|Any CPU
	EndGlobalSection
	GlobalSection(SolutionProperties) = preSolution
		HideSolutionNode = FALSE
	EndGlobalSection
	GlobalSection(ExtensibilityGlobals) = postSolution
		SolutionGuid = {68ACD836-E367-4725-AEFD-3AD79CE34997}
	EndGlobalSection
EndGlobal
